// !$*UTF8*$!
{
	archiveVersion = 1;
	classes = {
	};
	objectVersion = 56;
	objects = {

/* Begin PBXBuildFile section */
		19303C6C2B749D9400FF5B5D /* DetailViewController.swift in Sources */ = {isa = PBXBuildFile; fileRef = 19303C6B2B749D9400FF5B5D /* DetailViewController.swift */; };
		19A12B1D2B748CC400C9D4C4 /* AppDelegate.swift in Sources */ = {isa = PBXBuildFile; fileRef = 19A12B1C2B748CC400C9D4C4 /* AppDelegate.swift */; };
		19A12B1F2B748CC400C9D4C4 /* SceneDelegate.swift in Sources */ = {isa = PBXBuildFile; fileRef = 19A12B1E2B748CC400C9D4C4 /* SceneDelegate.swift */; };
		19A12B212B748CC400C9D4C4 /* ViewController.swift in Sources */ = {isa = PBXBuildFile; fileRef = 19A12B202B748CC400C9D4C4 /* ViewController.swift */; };
		19A12B242B748CC400C9D4C4 /* Main.storyboard in Resources */ = {isa = PBXBuildFile; fileRef = 19A12B222B748CC400C9D4C4 /* Main.storyboard */; };
		19A12B262B748CC600C9D4C4 /* Assets.xcassets in Resources */ = {isa = PBXBuildFile; fileRef = 19A12B252B748CC600C9D4C4 /* Assets.xcassets */; };
		19A12B292B748CC600C9D4C4 /* LaunchScreen.storyboard in Resources */ = {isa = PBXBuildFile; fileRef = 19A12B272B748CC600C9D4C4 /* LaunchScreen.storyboard */; };
		19A12B342B748CC600C9D4C4 /* StoryTests.swift in Sources */ = {isa = PBXBuildFile; fileRef = 19A12B332B748CC600C9D4C4 /* StoryTests.swift */; };
		19A12B3E2B748CC600C9D4C4 /* StoryUITests.swift in Sources */ = {isa = PBXBuildFile; fileRef = 19A12B3D2B748CC600C9D4C4 /* StoryUITests.swift */; };
		19A12B402B748CC600C9D4C4 /* StoryUITestsLaunchTests.swift in Sources */ = {isa = PBXBuildFile; fileRef = 19A12B3F2B748CC600C9D4C4 /* StoryUITestsLaunchTests.swift */; };
		19F565352B75CDFF00648619 /* OmniManInfo.swift in Sources */ = {isa = PBXBuildFile; fileRef = 19F565342B75CDFF00648619 /* OmniManInfo.swift */; };
		19F565372B75D44000648619 /* InfoVC.swift in Sources */ = {isa = PBXBuildFile; fileRef = 19F565362B75D44000648619 /* InfoVC.swift */; };
/* End PBXBuildFile section */

/* Begin PBXContainerItemProxy section */
		19A12B302B748CC600C9D4C4 /* PBXContainerItemProxy */ = {
			isa = PBXContainerItemProxy;
			containerPortal = 19A12B112B748CC400C9D4C4 /* Project object */;
			proxyType = 1;
			remoteGlobalIDString = 19A12B182B748CC400C9D4C4;
			remoteInfo = Story;
		};
		19A12B3A2B748CC600C9D4C4 /* PBXContainerItemProxy */ = {
			isa = PBXContainerItemProxy;
			containerPortal = 19A12B112B748CC400C9D4C4 /* Project object */;
			proxyType = 1;
			remoteGlobalIDString = 19A12B182B748CC400C9D4C4;
			remoteInfo = Story;
		};
/* End PBXContainerItemProxy section */

/* Begin PBXFileReference section */
		19303C6B2B749D9400FF5B5D /* DetailViewController.swift */ = {isa = PBXFileReference; lastKnownFileType = sourcecode.swift; path = DetailViewController.swift; sourceTree = "<group>"; };
		19A12B192B748CC400C9D4C4 /* Story.app */ = {isa = PBXFileReference; explicitFileType = wrapper.application; includeInIndex = 0; path = Story.app; sourceTree = BUILT_PRODUCTS_DIR; };
		19A12B1C2B748CC400C9D4C4 /* AppDelegate.swift */ = {isa = PBXFileReference; lastKnownFileType = sourcecode.swift; path = AppDelegate.swift; sourceTree = "<group>"; };
		19A12B1E2B748CC400C9D4C4 /* SceneDelegate.swift */ = {isa = PBXFileReference; lastKnownFileType = sourcecode.swift; path = SceneDelegate.swift; sourceTree = "<group>"; };
		19A12B202B748CC400C9D4C4 /* ViewController.swift */ = {isa = PBXFileReference; lastKnownFileType = sourcecode.swift; path = ViewController.swift; sourceTree = "<group>"; };
		19A12B232B748CC400C9D4C4 /* Base */ = {isa = PBXFileReference; lastKnownFileType = file.storyboard; name = Base; path = Base.lproj/Main.storyboard; sourceTree = "<group>"; };
		19A12B252B748CC600C9D4C4 /* Assets.xcassets */ = {isa = PBXFileReference; lastKnownFileType = folder.assetcatalog; path = Assets.xcassets; sourceTree = "<group>"; };
		19A12B282B748CC600C9D4C4 /* Base */ = {isa = PBXFileReference; lastKnownFileType = file.storyboard; name = Base; path = Base.lproj/LaunchScreen.storyboard; sourceTree = "<group>"; };
		19A12B2A2B748CC600C9D4C4 /* Info.plist */ = {isa = PBXFileReference; lastKnownFileType = text.plist.xml; path = Info.plist; sourceTree = "<group>"; };
		19A12B2F2B748CC600C9D4C4 /* StoryTests.xctest */ = {isa = PBXFileReference; explicitFileType = wrapper.cfbundle; includeInIndex = 0; path = StoryTests.xctest; sourceTree = BUILT_PRODUCTS_DIR; };
		19A12B332B748CC600C9D4C4 /* StoryTests.swift */ = {isa = PBXFileReference; lastKnownFileType = sourcecode.swift; path = StoryTests.swift; sourceTree = "<group>"; };
		19A12B392B748CC600C9D4C4 /* StoryUITests.xctest */ = {isa = PBXFileReference; explicitFileType = wrapper.cfbundle; includeInIndex = 0; path = StoryUITests.xctest; sourceTree = BUILT_PRODUCTS_DIR; };
		19A12B3D2B748CC600C9D4C4 /* StoryUITests.swift */ = {isa = PBXFileReference; lastKnownFileType = sourcecode.swift; path = StoryUITests.swift; sourceTree = "<group>"; };
		19A12B3F2B748CC600C9D4C4 /* StoryUITestsLaunchTests.swift */ = {isa = PBXFileReference; lastKnownFileType = sourcecode.swift; path = StoryUITestsLaunchTests.swift; sourceTree = "<group>"; };
		19F565342B75CDFF00648619 /* OmniManInfo.swift */ = {isa = PBXFileReference; lastKnownFileType = sourcecode.swift; path = OmniManInfo.swift; sourceTree = "<group>"; };
		19F565362B75D44000648619 /* InfoVC.swift */ = {isa = PBXFileReference; lastKnownFileType = sourcecode.swift; path = InfoVC.swift; sourceTree = "<group>"; };
/* End PBXFileReference section */

/* Begin PBXFrameworksBuildPhase section */
		19A12B162B748CC400C9D4C4 /* Frameworks */ = {
			isa = PBXFrameworksBuildPhase;
			buildActionMask = 2147483647;
			files = (
			);
			runOnlyForDeploymentPostprocessing = 0;
		};
		19A12B2C2B748CC600C9D4C4 /* Frameworks */ = {
			isa = PBXFrameworksBuildPhase;
			buildActionMask = 2147483647;
			files = (
			);
			runOnlyForDeploymentPostprocessing = 0;
		};
		19A12B362B748CC600C9D4C4 /* Frameworks */ = {
			isa = PBXFrameworksBuildPhase;
			buildActionMask = 2147483647;
			files = (
			);
			runOnlyForDeploymentPostprocessing = 0;
		};
/* End PBXFrameworksBuildPhase section */

/* Begin PBXGroup section */
		19A12B102B748CC400C9D4C4 = {
			isa = PBXGroup;
			children = (
				19A12B1B2B748CC400C9D4C4 /* Story */,
				19A12B322B748CC600C9D4C4 /* StoryTests */,
				19A12B3C2B748CC600C9D4C4 /* StoryUITests */,
				19A12B1A2B748CC400C9D4C4 /* Products */,
			);
			sourceTree = "<group>";
		};
		19A12B1A2B748CC400C9D4C4 /* Products */ = {
			isa = PBXGroup;
			children = (
				19A12B192B748CC400C9D4C4 /* Story.app */,
				19A12B2F2B748CC600C9D4C4 /* StoryTests.xctest */,
				19A12B392B748CC600C9D4C4 /* StoryUITests.xctest */,
			);
			name = Products;
			sourceTree = "<group>";
		};
		19A12B1B2B748CC400C9D4C4 /* Story */ = {
			isa = PBXGroup;
			children = (
				19A12B1C2B748CC400C9D4C4 /* AppDelegate.swift */,
				19F565362B75D44000648619 /* InfoVC.swift */,
				19A12B1E2B748CC400C9D4C4 /* SceneDelegate.swift */,
				19A12B202B748CC400C9D4C4 /* ViewController.swift */,
				19303C6B2B749D9400FF5B5D /* DetailViewController.swift */,
				19F565342B75CDFF00648619 /* OmniManInfo.swift */,
				19A12B222B748CC400C9D4C4 /* Main.storyboard */,
				19A12B252B748CC600C9D4C4 /* Assets.xcassets */,
				19A12B272B748CC600C9D4C4 /* LaunchScreen.storyboard */,
				19A12B2A2B748CC600C9D4C4 /* Info.plist */,
			);
			path = Story;
			sourceTree = "<group>";
		};
		19A12B322B748CC600C9D4C4 /* StoryTests */ = {
			isa = PBXGroup;
			children = (
				19A12B332B748CC600C9D4C4 /* StoryTests.swift */,
			);
			path = StoryTests;
			sourceTree = "<group>";
		};
		19A12B3C2B748CC600C9D4C4 /* StoryUITests */ = {
			isa = PBXGroup;
			children = (
				19A12B3D2B748CC600C9D4C4 /* StoryUITests.swift */,
				19A12B3F2B748CC600C9D4C4 /* StoryUITestsLaunchTests.swift */,
			);
			path = StoryUITests;
			sourceTree = "<group>";
		};
/* End PBXGroup section */

/* Begin PBXNativeTarget section */
		19A12B182B748CC400C9D4C4 /* Story */ = {
			isa = PBXNativeTarget;
			buildConfigurationList = 19A12B432B748CC600C9D4C4 /* Build configuration list for PBXNativeTarget "Story" */;
			buildPhases = (
				19A12B152B748CC400C9D4C4 /* Sources */,
				19A12B162B748CC400C9D4C4 /* Frameworks */,
				19A12B172B748CC400C9D4C4 /* Resources */,
			);
			buildRules = (
			);
			dependencies = (
			);
			name = Story;
			productName = Story;
			productReference = 19A12B192B748CC400C9D4C4 /* Story.app */;
			productType = "com.apple.product-type.application";
		};
		19A12B2E2B748CC600C9D4C4 /* StoryTests */ = {
			isa = PBXNativeTarget;
			buildConfigurationList = 19A12B462B748CC600C9D4C4 /* Build configuration list for PBXNativeTarget "StoryTests" */;
			buildPhases = (
				19A12B2B2B748CC600C9D4C4 /* Sources */,
				19A12B2C2B748CC600C9D4C4 /* Frameworks */,
				19A12B2D2B748CC600C9D4C4 /* Resources */,
			);
			buildRules = (
			);
			dependencies = (
				19A12B312B748CC600C9D4C4 /* PBXTargetDependency */,
			);
			name = StoryTests;
			productName = StoryTests;
			productReference = 19A12B2F2B748CC600C9D4C4 /* StoryTests.xctest */;
			productType = "com.apple.product-type.bundle.unit-test";
		};
		19A12B382B748CC600C9D4C4 /* StoryUITests */ = {
			isa = PBXNativeTarget;
			buildConfigurationList = 19A12B492B748CC600C9D4C4 /* Build configuration list for PBXNativeTarget "StoryUITests" */;
			buildPhases = (
				19A12B352B748CC600C9D4C4 /* Sources */,
				19A12B362B748CC600C9D4C4 /* Frameworks */,
				19A12B372B748CC600C9D4C4 /* Resources */,
			);
			buildRules = (
			);
			dependencies = (
				19A12B3B2B748CC600C9D4C4 /* PBXTargetDependency */,
			);
			name = StoryUITests;
			productName = StoryUITests;
			productReference = 19A12B392B748CC600C9D4C4 /* StoryUITests.xctest */;
			productType = "com.apple.product-type.bundle.ui-testing";
		};
/* End PBXNativeTarget section */

/* Begin PBXProject section */
		19A12B112B748CC400C9D4C4 /* Project object */ = {
			isa = PBXProject;
			attributes = {
				BuildIndependentTargetsInParallel = 1;
				LastSwiftUpdateCheck = 1520;
				LastUpgradeCheck = 1520;
				TargetAttributes = {
					19A12B182B748CC400C9D4C4 = {
						CreatedOnToolsVersion = 15.2;
					};
					19A12B2E2B748CC600C9D4C4 = {
						CreatedOnToolsVersion = 15.2;
						TestTargetID = 19A12B182B748CC400C9D4C4;
					};
					19A12B382B748CC600C9D4C4 = {
						CreatedOnToolsVersion = 15.2;
						TestTargetID = 19A12B182B748CC400C9D4C4;
					};
				};
			};
			buildConfigurationList = 19A12B142B748CC400C9D4C4 /* Build configuration list for PBXProject "Story" */;
			compatibilityVersion = "Xcode 14.0";
			developmentRegion = en;
			hasScannedForEncodings = 0;
			knownRegions = (
				en,
				Base,
			);
			mainGroup = 19A12B102B748CC400C9D4C4;
			productRefGroup = 19A12B1A2B748CC400C9D4C4 /* Products */;
			projectDirPath = "";
			projectRoot = "";
			targets = (
				19A12B182B748CC400C9D4C4 /* Story */,
				19A12B2E2B748CC600C9D4C4 /* StoryTests */,
				19A12B382B748CC600C9D4C4 /* StoryUITests */,
			);
		};
/* End PBXProject section */

/* Begin PBXResourcesBuildPhase section */
		19A12B172B748CC400C9D4C4 /* Resources */ = {
			isa = PBXResourcesBuildPhase;
			buildActionMask = 2147483647;
			files = (
				19A12B292B748CC600C9D4C4 /* LaunchScreen.storyboard in Resources */,
				19A12B262B748CC600C9D4C4 /* Assets.xcassets in Resources */,
				19A12B242B748CC400C9D4C4 /* Main.storyboard in Resources */,
			);
			runOnlyForDeploymentPostprocessing = 0;
		};
		19A12B2D2B748CC600C9D4C4 /* Resources */ = {
			isa = PBXResourcesBuildPhase;
			buildActionMask = 2147483647;
			files = (
			);
			runOnlyForDeploymentPostprocessing = 0;
		};
		19A12B372B748CC600C9D4C4 /* Resources */ = {
			isa = PBXResourcesBuildPhase;
			buildActionMask = 2147483647;
			files = (
			);
			runOnlyForDeploymentPostprocessing = 0;
		};
/* End PBXResourcesBuildPhase section */

/* Begin PBXSourcesBuildPhase section */
		19A12B152B748CC400C9D4C4 /* Sources */ = {
			isa = PBXSourcesBuildPhase;
			buildActionMask = 2147483647;
			files = (
				19F565352B75CDFF00648619 /* OmniManInfo.swift in Sources */,
				19A12B212B748CC400C9D4C4 /* ViewController.swift in Sources */,
				19A12B1D2B748CC400C9D4C4 /* AppDelegate.swift in Sources */,
				19A12B1F2B748CC400C9D4C4 /* SceneDelegate.swift in Sources */,
				19F565372B75D44000648619 /* InfoVC.swift in Sources */,
				19303C6C2B749D9400FF5B5D /* DetailViewController.swift in Sources */,
			);
			runOnlyForDeploymentPostprocessing = 0;
		};
		19A12B2B2B748CC600C9D4C4 /* Sources */ = {
			isa = PBXSourcesBuildPhase;
			buildActionMask = 2147483647;
			files = (
				19A12B342B748CC600C9D4C4 /* StoryTests.swift in Sources */,
			);
			runOnlyForDeploymentPostprocessing = 0;
		};
		19A12B352B748CC600C9D4C4 /* Sources */ = {
			isa = PBXSourcesBuildPhase;
			buildActionMask = 2147483647;
			files = (
				19A12B402B748CC600C9D4C4 /* StoryUITestsLaunchTests.swift in Sources */,
				19A12B3E2B748CC600C9D4C4 /* StoryUITests.swift in Sources */,
			);
			runOnlyForDeploymentPostprocessing = 0;
		};
/* End PBXSourcesBuildPhase section */

/* Begin PBXTargetDependency section */
		19A12B312B748CC600C9D4C4 /* PBXTargetDependency */ = {
			isa = PBXTargetDependency;
			target = 19A12B182B748CC400C9D4C4 /* Story */;
			targetProxy = 19A12B302B748CC600C9D4C4 /* PBXContainerItemProxy */;
		};
		19A12B3B2B748CC600C9D4C4 /* PBXTargetDependency */ = {
			isa = PBXTargetDependency;
			target = 19A12B182B748CC400C9D4C4 /* Story */;
			targetProxy = 19A12B3A2B748CC600C9D4C4 /* PBXContainerItemProxy */;
		};
/* End PBXTargetDependency section */

/* Begin PBXVariantGroup section */
		19A12B222B748CC400C9D4C4 /* Main.storyboard */ = {
			isa = PBXVariantGroup;
			children = (
				19A12B232B748CC400C9D4C4 /* Base */,
			);
			name = Main.storyboard;
			sourceTree = "<group>";
		};
		19A12B272B748CC600C9D4C4 /* LaunchScreen.storyboard */ = {
			isa = PBXVariantGroup;
			children = (
				19A12B282B748CC600C9D4C4 /* Base */,
			);
			name = LaunchScreen.storyboard;
			sourceTree = "<group>";
		};
/* End PBXVariantGroup section */

/* Begin XCBuildConfiguration section */
		19A12B412B748CC600C9D4C4 /* Debug */ = {
			isa = XCBuildConfiguration;
			buildSettings = {
				ALWAYS_SEARCH_USER_PATHS = NO;
				ASSETCATALOG_COMPILER_GENERATE_SWIFT_ASSET_SYMBOL_EXTENSIONS = YES;
				CLANG_ANALYZER_NONNULL = YES;
				CLANG_ANALYZER_NUMBER_OBJECT_CONVERSION = YES_AGGRESSIVE;
				CLANG_CXX_LANGUAGE_STANDARD = "gnu++20";
				CLANG_ENABLE_MODULES = YES;
				CLANG_ENABLE_OBJC_ARC = YES;
				CLANG_ENABLE_OBJC_WEAK = YES;
				CLANG_WARN_BLOCK_CAPTURE_AUTORELEASING = YES;
				CLANG_WARN_BOOL_CONVERSION = YES;
				CLANG_WARN_COMMA = YES;
				CLANG_WARN_CONSTANT_CONVERSION = YES;
				CLANG_WARN_DEPRECATED_OBJC_IMPLEMENTATIONS = YES;
				CLANG_WARN_DIRECT_OBJC_ISA_USAGE = YES_ERROR;
				CLANG_WARN_DOCUMENTATION_COMMENTS = YES;
				CLANG_WARN_EMPTY_BODY = YES;
				CLANG_WARN_ENUM_CONVERSION = YES;
				CLANG_WARN_INFINITE_RECURSION = YES;
				CLANG_WARN_INT_CONVERSION = YES;
				CLANG_WARN_NON_LITERAL_NULL_CONVERSION = YES;
				CLANG_WARN_OBJC_IMPLICIT_RETAIN_SELF = YES;
				CLANG_WARN_OBJC_LITERAL_CONVERSION = YES;
				CLANG_WARN_OBJC_ROOT_CLASS = YES_ERROR;
				CLANG_WARN_QUOTED_INCLUDE_IN_FRAMEWORK_HEADER = YES;
				CLANG_WARN_RANGE_LOOP_ANALYSIS = YES;
				CLANG_WARN_STRICT_PROTOTYPES = YES;
				CLANG_WARN_SUSPICIOUS_MOVE = YES;
				CLANG_WARN_UNGUARDED_AVAILABILITY = YES_AGGRESSIVE;
				CLANG_WARN_UNREACHABLE_CODE = YES;
				CLANG_WARN__DUPLICATE_METHOD_MATCH = YES;
				COPY_PHASE_STRIP = NO;
				DEBUG_INFORMATION_FORMAT = dwarf;
				ENABLE_STRICT_OBJC_MSGSEND = YES;
				ENABLE_TESTABILITY = YES;
				ENABLE_USER_SCRIPT_SANDBOXING = YES;
				GCC_C_LANGUAGE_STANDARD = gnu17;
				GCC_DYNAMIC_NO_PIC = NO;
				GCC_NO_COMMON_BLOCKS = YES;
				GCC_OPTIMIZATION_LEVEL = 0;
				GCC_PREPROCESSOR_DEFINITIONS = (
					"DEBUG=1",
					"$(inherited)",
				);
				GCC_WARN_64_TO_32_BIT_CONVERSION = YES;
				GCC_WARN_ABOUT_RETURN_TYPE = YES_ERROR;
				GCC_WARN_UNDECLARED_SELECTOR = YES;
				GCC_WARN_UNINITIALIZED_AUTOS = YES_AGGRESSIVE;
				GCC_WARN_UNUSED_FUNCTION = YES;
				GCC_WARN_UNUSED_VARIABLE = YES;
				IPHONEOS_DEPLOYMENT_TARGET = 17.2;
				LOCALIZATION_PREFERS_STRING_CATALOGS = YES;
				MTL_ENABLE_DEBUG_INFO = INCLUDE_SOURCE;
				MTL_FAST_MATH = YES;
				ONLY_ACTIVE_ARCH = YES;
				SDKROOT = iphoneos;
				SWIFT_ACTIVE_COMPILATION_CONDITIONS = "DEBUG $(inherited)";
				SWIFT_OPTIMIZATION_LEVEL = "-Onone";
			};
			name = Debug;
		};
		19A12B422B748CC600C9D4C4 /* Release */ = {
			isa = XCBuildConfiguration;
			buildSettings = {
				ALWAYS_SEARCH_USER_PATHS = NO;
				ASSETCATALOG_COMPILER_GENERATE_SWIFT_ASSET_SYMBOL_EXTENSIONS = YES;
				CLANG_ANALYZER_NONNULL = YES;
				CLANG_ANALYZER_NUMBER_OBJECT_CONVERSION = YES_AGGRESSIVE;
				CLANG_CXX_LANGUAGE_STANDARD = "gnu++20";
				CLANG_ENABLE_MODULES = YES;
				CLANG_ENABLE_OBJC_ARC = YES;
				CLANG_ENABLE_OBJC_WEAK = YES;
				CLANG_WARN_BLOCK_CAPTURE_AUTORELEASING = YES;
				CLANG_WARN_BOOL_CONVERSION = YES;
				CLANG_WARN_COMMA = YES;
				CLANG_WARN_CONSTANT_CONVERSION = YES;
				CLANG_WARN_DEPRECATED_OBJC_IMPLEMENTATIONS = YES;
				CLANG_WARN_DIRECT_OBJC_ISA_USAGE = YES_ERROR;
				CLANG_WARN_DOCUMENTATION_COMMENTS = YES;
				CLANG_WARN_EMPTY_BODY = YES;
				CLANG_WARN_ENUM_CONVERSION = YES;
				CLANG_WARN_INFINITE_RECURSION = YES;
				CLANG_WARN_INT_CONVERSION = YES;
				CLANG_WARN_NON_LITERAL_NULL_CONVERSION = YES;
				CLANG_WARN_OBJC_IMPLICIT_RETAIN_SELF = YES;
				CLANG_WARN_OBJC_LITERAL_CONVERSION = YES;
				CLANG_WARN_OBJC_ROOT_CLASS = YES_ERROR;
				CLANG_WARN_QUOTED_INCLUDE_IN_FRAMEWORK_HEADER = YES;
				CLANG_WARN_RANGE_LOOP_ANALYSIS = YES;
				CLANG_WARN_STRICT_PROTOTYPES = YES;
				CLANG_WARN_SUSPICIOUS_MOVE = YES;
				CLANG_WARN_UNGUARDED_AVAILABILITY = YES_AGGRESSIVE;
				CLANG_WARN_UNREACHABLE_CODE = YES;
				CLANG_WARN__DUPLICATE_METHOD_MATCH = YES;
				COPY_PHASE_STRIP = NO;
				DEBUG_INFORMATION_FORMAT = "dwarf-with-dsym";
				ENABLE_NS_ASSERTIONS = NO;
				ENABLE_STRICT_OBJC_MSGSEND = YES;
				ENABLE_USER_SCRIPT_SANDBOXING = YES;
				GCC_C_LANGUAGE_STANDARD = gnu17;
				GCC_NO_COMMON_BLOCKS = YES;
				GCC_WARN_64_TO_32_BIT_CONVERSION = YES;
				GCC_WARN_ABOUT_RETURN_TYPE = YES_ERROR;
				GCC_WARN_UNDECLARED_SELECTOR = YES;
				GCC_WARN_UNINITIALIZED_AUTOS = YES_AGGRESSIVE;
				GCC_WARN_UNUSED_FUNCTION = YES;
				GCC_WARN_UNUSED_VARIABLE = YES;
				IPHONEOS_DEPLOYMENT_TARGET = 17.2;
				LOCALIZATION_PREFERS_STRING_CATALOGS = YES;
				MTL_ENABLE_DEBUG_INFO = NO;
				MTL_FAST_MATH = YES;
				SDKROOT = iphoneos;
				SWIFT_COMPILATION_MODE = wholemodule;
				VALIDATE_PRODUCT = YES;
			};
			name = Release;
		};
		19A12B442B748CC600C9D4C4 /* Debug */ = {
			isa = XCBuildConfiguration;
			buildSettings = {
				ASSETCATALOG_COMPILER_APPICON_NAME = AppIcon;
				ASSETCATALOG_COMPILER_GLOBAL_ACCENT_COLOR_NAME = AccentColor;
				CODE_SIGN_STYLE = Automatic;
				CURRENT_PROJECT_VERSION = 1;
				GENERATE_INFOPLIST_FILE = YES;
				INFOPLIST_FILE = Story/Info.plist;
				INFOPLIST_KEY_UIApplicationSupportsIndirectInputEvents = YES;
				INFOPLIST_KEY_UILaunchStoryboardName = LaunchScreen;
				INFOPLIST_KEY_UIMainStoryboardFile = Main;
				INFOPLIST_KEY_UISupportedInterfaceOrientations_iPad = "UIInterfaceOrientationPortrait UIInterfaceOrientationPortraitUpsideDown UIInterfaceOrientationLandscapeLeft UIInterfaceOrientationLandscapeRight";
				INFOPLIST_KEY_UISupportedInterfaceOrientations_iPhone = "UIInterfaceOrientationPortrait UIInterfaceOrientationLandscapeLeft UIInterfaceOrientationLandscapeRight";
				IPHONEOS_DEPLOYMENT_TARGET = 17.2;
				LD_RUNPATH_SEARCH_PATHS = (
					"$(inherited)",
					"@executable_path/Frameworks",
				);
				MARKETING_VERSION = 1.0;
				PRODUCT_BUNDLE_IDENTIFIER = Story.Story;
				PRODUCT_NAME = "$(TARGET_NAME)";
				SWIFT_EMIT_LOC_STRINGS = YES;
				SWIFT_VERSION = 5.0;
				TARGETED_DEVICE_FAMILY = "1,2";
			};
			name = Debug;
		};
		19A12B452B748CC600C9D4C4 /* Release */ = {
			isa = XCBuildConfiguration;
			buildSettings = {
				ASSETCATALOG_COMPILER_APPICON_NAME = AppIcon;
				ASSETCATALOG_COMPILER_GLOBAL_ACCENT_COLOR_NAME = AccentColor;
				CODE_SIGN_STYLE = Automatic;
				CURRENT_PROJECT_VERSION = 1;
				GENERATE_INFOPLIST_FILE = YES;
				INFOPLIST_FILE = Story/Info.plist;
				INFOPLIST_KEY_UIApplicationSupportsIndirectInputEvents = YES;
				INFOPLIST_KEY_UILaunchStoryboardName = LaunchScreen;
				INFOPLIST_KEY_UIMainStoryboardFile = Main;
				INFOPLIST_KEY_UISupportedInterfaceOrientations_iPad = "UIInterfaceOrientationPortrait UIInterfaceOrientationPortraitUpsideDown UIInterfaceOrientationLandscapeLeft UIInterfaceOrientationLandscapeRight";
				INFOPLIST_KEY_UISupportedInterfaceOrientations_iPhone = "UIInterfaceOrientationPortrait UIInterfaceOrientationLandscapeLeft UIInterfaceOrientationLandscapeRight";
				IPHONEOS_DEPLOYMENT_TARGET = 17.2;
				LD_RUNPATH_SEARCH_PATHS = (
					"$(inherited)",
					"@executable_path/Frameworks",
				);
				MARKETING_VERSION = 1.0;
				PRODUCT_BUNDLE_IDENTIFIER = Story.Story;
				PRODUCT_NAME = "$(TARGET_NAME)";
				SWIFT_EMIT_LOC_STRINGS = YES;
				SWIFT_VERSION = 5.0;
				TARGETED_DEVICE_FAMILY = "1,2";
			};
			name = Release;
		};
		19A12B472B748CC600C9D4C4 /* Debug */ = {
			isa = XCBuildConfiguration;
			buildSettings = {
				ALWAYS_EMBED_SWIFT_STANDARD_LIBRARIES = YES;
				BUNDLE_LOADER = "$(TEST_HOST)";
				CODE_SIGN_STYLE = Automatic;
				CURRENT_PROJECT_VERSION = 1;
				GENERATE_INFOPLIST_FILE = YES;
				IPHONEOS_DEPLOYMENT_TARGET = 17.2;
				MARKETING_VERSION = 1.0;
				PRODUCT_BUNDLE_IDENTIFIER = Story.StoryTests;
				PRODUCT_NAME = "$(TARGET_NAME)";
				SWIFT_EMIT_LOC_STRINGS = NO;
				SWIFT_VERSION = 5.0;
				TARGETED_DEVICE_FAMILY = "1,2";
				TEST_HOST = "$(BUILT_PRODUCTS_DIR)/Story.app/$(BUNDLE_EXECUTABLE_FOLDER_PATH)/Story";
			};
			name = Debug;
		};
		19A12B482B748CC600C9D4C4 /* Release */ = {
			isa = XCBuildConfiguration;
			buildSettings = {
				ALWAYS_EMBED_SWIFT_STANDARD_LIBRARIES = YES;
				BUNDLE_LOADER = "$(TEST_HOST)";
				CODE_SIGN_STYLE = Automatic;
				CURRENT_PROJECT_VERSION = 1;
				GENERATE_INFOPLIST_FILE = YES;
				IPHONEOS_DEPLOYMENT_TARGET = 17.2;
				MARKETING_VERSION = 1.0;
				PRODUCT_BUNDLE_IDENTIFIER = Story.StoryTests;
				PRODUCT_NAME = "$(TARGET_NAME)";
				SWIFT_EMIT_LOC_STRINGS = NO;
				SWIFT_VERSION = 5.0;
				TARGETED_DEVICE_FAMILY = "1,2";
				TEST_HOST = "$(BUILT_PRODUCTS_DIR)/Story.app/$(BUNDLE_EXECUTABLE_FOLDER_PATH)/Story";
			};
			name = Release;
		};
		19A12B4A2B748CC600C9D4C4 /* Debug */ = {
			isa = XCBuildConfiguration;
			buildSettings = {
				ALWAYS_EMBED_SWIFT_STANDARD_LIBRARIES = YES;
				CODE_SIGN_STYLE = Automatic;
				CURRENT_PROJECT_VERSION = 1;
				GENERATE_INFOPLIST_FILE = YES;
				MARKETING_VERSION = 1.0;
				PRODUCT_BUNDLE_IDENTIFIER = Story.StoryUITests;
				PRODUCT_NAME = "$(TARGET_NAME)";
				SWIFT_EMIT_LOC_STRINGS = NO;
				SWIFT_VERSION = 5.0;
				TARGETED_DEVICE_FAMILY = "1,2";
				TEST_TARGET_NAME = Story;
			};
			name = Debug;
		};
		19A12B4B2B748CC600C9D4C4 /* Release */ = {
			isa = XCBuildConfiguration;
			buildSettings = {
				ALWAYS_EMBED_SWIFT_STANDARD_LIBRARIES = YES;
				CODE_SIGN_STYLE = Automatic;
				CURRENT_PROJECT_VERSION = 1;
				GENERATE_INFOPLIST_FILE = YES;
				MARKETING_VERSION = 1.0;
				PRODUCT_BUNDLE_IDENTIFIER = Story.StoryUITests;
				PRODUCT_NAME = "$(TARGET_NAME)";
				SWIFT_EMIT_LOC_STRINGS = NO;
				SWIFT_VERSION = 5.0;
				TARGETED_DEVICE_FAMILY = "1,2";
				TEST_TARGET_NAME = Story;
			};
			name = Release;
		};
/* End XCBuildConfiguration section */

/* Begin XCConfigurationList section */
		19A12B142B748CC400C9D4C4 /* Build configuration list for PBXProject "Story" */ = {
			isa = XCConfigurationList;
			buildConfigurations = (
				19A12B412B748CC600C9D4C4 /* Debug */,
				19A12B422B748CC600C9D4C4 /* Release */,
			);
			defaultConfigurationIsVisible = 0;
			defaultConfigurationName = Release;
		};
		19A12B432B748CC600C9D4C4 /* Build configuration list for PBXNativeTarget "Story" */ = {
			isa = XCConfigurationList;
			buildConfigurations = (
				19A12B442B748CC600C9D4C4 /* Debug */,
				19A12B452B748CC600C9D4C4 /* Release */,
			);
			defaultConfigurationIsVisible = 0;
			defaultConfigurationName = Release;
		};
		19A12B462B748CC600C9D4C4 /* Build configuration list for PBXNativeTarget "StoryTests" */ = {
			isa = XCConfigurationList;
			buildConfigurations = (
				19A12B472B748CC600C9D4C4 /* Debug */,
				19A12B482B748CC600C9D4C4 /* Release */,
			);
			defaultConfigurationIsVisible = 0;
			defaultConfigurationName = Release;
		};
		19A12B492B748CC600C9D4C4 /* Build configuration list for PBXNativeTarget "StoryUITests" */ = {
			isa = XCConfigurationList;
			buildConfigurations = (
				19A12B4A2B748CC600C9D4C4 /* Debug */,
				19A12B4B2B748CC600C9D4C4 /* Release */,
			);
			defaultConfigurationIsVisible = 0;
			defaultConfigurationName = Release;
		};
/* End XCConfigurationList section */
	};
	rootObject = 19A12B112B748CC400C9D4C4 /* Project object */;
}
